
Microsoft Visual Studio Solution File, Format Version 12.00
# Visual Studio Version 17
VisualStudioVersion = 17.11.35222.181
MinimumVisualStudioVersion = 10.0.40219.1
Project("{9A19103F-16F7-4668-BE54-9A1E7A4F7556}") = "Trabalho_PDS", "Trabalho_PDS.csproj", "{EA00C77F-F9D2-4F44-8360-1F939254E18C}"
EndProject
Global
	GlobalSection(SolutionConfigurationPlatforms) = preSolution
		Debug|Any CPU = Debug|Any CPU
		Release|Any CPU = Release|Any CPU
	EndGlobalSection
	GlobalSection(ProjectConfigurationPlatforms) = postSolution
		{EA00C77F-F9D2-4F44-8360-1F939254E18C}.Debug|Any CPU.ActiveCfg = Debug|Any CPU
		{EA00C77F-F9D2-4F44-8360-1F939254E18C}.Debug|Any CPU.Build.0 = Debug|Any CPU
		{EA00C77F-F9D2-4F44-8360-1F939254E18C}.Release|Any CPU.ActiveCfg = Release|Any CPU
		{EA00C77F-F9D2-4F44-8360-1F939254E18C}.Release|Any CPU.Build.0 = Release|Any CPU
	EndGlobalSection
	GlobalSection(SolutionProperties) = preSolution
		HideSolutionNode = FALSE
	EndGlobalSection
	GlobalSection(ExtensibilityGlobals) = postSolution
		SolutionGuid = {28FDB258-1FA2-436C-BD06-A295539F4FA7}
	EndGlobalSection
EndGlobal
